// !$*UTF8*$!
{
	archiveVersion = 1;
	classes = {
	};
	objectVersion = 50;
	objects = {

/* Begin PBXBuildFile section */
		A2F5F3F65C1A17DB0CA55525 /* Pods_AudioTest.framework in Frameworks */ = {isa = PBXBuildFile; fileRef = 476848F048029571A1D38E2F /* Pods_AudioTest.framework */; };
		CABBD8BF20CDC4460084A1E0 /* AppDelegate.swift in Sources */ = {isa = PBXBuildFile; fileRef = CABBD8BE20CDC4460084A1E0 /* AppDelegate.swift */; };
		CABBD8C120CDC4460084A1E0 /* ViewController.swift in Sources */ = {isa = PBXBuildFile; fileRef = CABBD8C020CDC4460084A1E0 /* ViewController.swift */; };
		CABBD8C420CDC4460084A1E0 /* Main.storyboard in Resources */ = {isa = PBXBuildFile; fileRef = CABBD8C220CDC4460084A1E0 /* Main.storyboard */; };
		CABBD8C620CDC4470084A1E0 /* Assets.xcassets in Resources */ = {isa = PBXBuildFile; fileRef = CABBD8C520CDC4470084A1E0 /* Assets.xcassets */; };
		CABBD8C920CDC4470084A1E0 /* LaunchScreen.storyboard in Resources */ = {isa = PBXBuildFile; fileRef = CABBD8C720CDC4470084A1E0 /* LaunchScreen.storyboard */; };
/* End PBXBuildFile section */

/* Begin PBXFileReference section */
		476848F048029571A1D38E2F /* Pods_AudioTest.framework */ = {isa = PBXFileReference; explicitFileType = wrapper.framework; includeInIndex = 0; path = Pods_AudioTest.framework; sourceTree = BUILT_PRODUCTS_DIR; };
		9770C05D8E97ECFEA2CDD557 /* Pods-AudioTest.release.xcconfig */ = {isa = PBXFileReference; includeInIndex = 1; lastKnownFileType = text.xcconfig; name = "Pods-AudioTest.release.xcconfig"; path = "Pods/Target Support Files/Pods-AudioTest/Pods-AudioTest.release.xcconfig"; sourceTree = "<group>"; };
		CABBD8BB20CDC4460084A1E0 /* AudioTest.app */ = {isa = PBXFileReference; explicitFileType = wrapper.application; includeInIndex = 0; path = AudioTest.app; sourceTree = BUILT_PRODUCTS_DIR; };
		CABBD8BE20CDC4460084A1E0 /* AppDelegate.swift */ = {isa = PBXFileReference; lastKnownFileType = sourcecode.swift; path = AppDelegate.swift; sourceTree = "<group>"; };
		CABBD8C020CDC4460084A1E0 /* ViewController.swift */ = {isa = PBXFileReference; lastKnownFileType = sourcecode.swift; path = ViewController.swift; sourceTree = "<group>"; };
		CABBD8C320CDC4460084A1E0 /* Base */ = {isa = PBXFileReference; lastKnownFileType = file.storyboard; name = Base; path = Base.lproj/Main.storyboard; sourceTree = "<group>"; };
		CABBD8C520CDC4470084A1E0 /* Assets.xcassets */ = {isa = PBXFileReference; lastKnownFileType = folder.assetcatalog; path = Assets.xcassets; sourceTree = "<group>"; };
		CABBD8C820CDC4470084A1E0 /* Base */ = {isa = PBXFileReference; lastKnownFileType = file.storyboard; name = Base; path = Base.lproj/LaunchScreen.storyboard; sourceTree = "<group>"; };
		CABBD8CA20CDC4470084A1E0 /* Info.plist */ = {isa = PBXFileReference; lastKnownFileType = text.plist.xml; path = Info.plist; sourceTree = "<group>"; };
		CB38D5A7731FFF353078252A /* Pods-AudioTest.debug.xcconfig */ = {isa = PBXFileReference; includeInIndex = 1; lastKnownFileType = text.xcconfig; name = "Pods-AudioTest.debug.xcconfig"; path = "Pods/Target Support Files/Pods-AudioTest/Pods-AudioTest.debug.xcconfig"; sourceTree = "<group>"; };
/* End PBXFileReference section */

/* Begin PBXFrameworksBuildPhase section */
		CABBD8B820CDC4460084A1E0 /* Frameworks */ = {
			isa = PBXFrameworksBuildPhase;
			buildActionMask = 2147483647;
			files = (
				A2F5F3F65C1A17DB0CA55525 /* Pods_AudioTest.framework in Frameworks */,
			);
			runOnlyForDeploymentPostprocessing = 0;
		};
/* End PBXFrameworksBuildPhase section */

/* Begin PBXGroup section */
		74A164E9B8E3DCEDD93068B1 /* Pods */ = {
			isa = PBXGroup;
			children = (
				CB38D5A7731FFF353078252A /* Pods-AudioTest.debug.xcconfig */,
				9770C05D8E97ECFEA2CDD557 /* Pods-AudioTest.release.xcconfig */,
			);
			name = Pods;
			sourceTree = "<group>";
		};
		CABBD8B220CDC4460084A1E0 = {
			isa = PBXGroup;
			children = (
				CABBD8BD20CDC4460084A1E0 /* AudioTest */,
				CABBD8BC20CDC4460084A1E0 /* Products */,
				74A164E9B8E3DCEDD93068B1 /* Pods */,
				CD7A9BFBA7462C7945E65F42 /* Frameworks */,
			);
			sourceTree = "<group>";
		};
		CABBD8BC20CDC4460084A1E0 /* Products */ = {
			isa = PBXGroup;
			children = (
				CABBD8BB20CDC4460084A1E0 /* AudioTest.app */,
			);
			name = Products;
			sourceTree = "<group>";
		};
		CABBD8BD20CDC4460084A1E0 /* AudioTest */ = {
			isa = PBXGroup;
			children = (
				CABBD8BE20CDC4460084A1E0 /* AppDelegate.swift */,
				CABBD8C020CDC4460084A1E0 /* ViewController.swift */,
				CABBD8C220CDC4460084A1E0 /* Main.storyboard */,
				CABBD8C520CDC4470084A1E0 /* Assets.xcassets */,
				CABBD8C720CDC4470084A1E0 /* LaunchScreen.storyboard */,
				CABBD8CA20CDC4470084A1E0 /* Info.plist */,
			);
			path = AudioTest;
			sourceTree = "<group>";
		};
		CD7A9BFBA7462C7945E65F42 /* Frameworks */ = {
			isa = PBXGroup;
			children = (
				476848F048029571A1D38E2F /* Pods_AudioTest.framework */,
			);
			name = Frameworks;
			sourceTree = "<group>";
		};
/* End PBXGroup section */

/* Begin PBXNativeTarget section */
		CABBD8BA20CDC4460084A1E0 /* AudioTest */ = {
			isa = PBXNativeTarget;
			buildConfigurationList = CABBD8CD20CDC4470084A1E0 /* Build configuration list for PBXNativeTarget "AudioTest" */;
			buildPhases = (
				54480BB8DF1D24645AC73F6E /* [CP] Check Pods Manifest.lock */,
				CABBD8B720CDC4460084A1E0 /* Sources */,
				CABBD8B820CDC4460084A1E0 /* Frameworks */,
				CABBD8B920CDC4460084A1E0 /* Resources */,
				9EC0EA65EE1A3878C001A983 /* [CP] Embed Pods Frameworks */,
				EA7DB3211D3F4443A94AD484 /* [CP] Copy Pods Resources */,
			);
			buildRules = (
			);
			dependencies = (
			);
			name = AudioTest;
			productName = AudioTest;
			productReference = CABBD8BB20CDC4460084A1E0 /* AudioTest.app */;
			productType = "com.apple.product-type.application";
		};
/* End PBXNativeTarget section */

/* Begin PBXProject section */
		CABBD8B320CDC4460084A1E0 /* Project object */ = {
			isa = PBXProject;
			attributes = {
				LastSwiftUpdateCheck = 0940;
				LastUpgradeCheck = 0940;
				ORGANIZATIONNAME = "2020CV Inc";
				TargetAttributes = {
					CABBD8BA20CDC4460084A1E0 = {
						CreatedOnToolsVersion = 9.4;
					};
				};
			};
			buildConfigurationList = CABBD8B620CDC4460084A1E0 /* Build configuration list for PBXProject "AudioTest" */;
			compatibilityVersion = "Xcode 9.3";
			developmentRegion = en;
			hasScannedForEncodings = 0;
			knownRegions = (
				en,
				Base,
			);
			mainGroup = CABBD8B220CDC4460084A1E0;
			productRefGroup = CABBD8BC20CDC4460084A1E0 /* Products */;
			projectDirPath = "";
			projectRoot = "";
			targets = (
				CABBD8BA20CDC4460084A1E0 /* AudioTest */,
			);
		};
/* End PBXProject section */

/* Begin PBXResourcesBuildPhase section */
		CABBD8B920CDC4460084A1E0 /* Resources */ = {
			isa = PBXResourcesBuildPhase;
			buildActionMask = 2147483647;
			files = (
				CABBD8C920CDC4470084A1E0 /* LaunchScreen.storyboard in Resources */,
				CABBD8C620CDC4470084A1E0 /* Assets.xcassets in Resources */,
				CABBD8C420CDC4460084A1E0 /* Main.storyboard in Resources */,
			);
			runOnlyForDeploymentPostprocessing = 0;
		};
/* End PBXResourcesBuildPhase section */

/* Begin PBXShellScriptBuildPhase section */
		54480BB8DF1D24645AC73F6E /* [CP] Check Pods Manifest.lock */ = {
			isa = PBXShellScriptBuildPhase;
			buildActionMask = 2147483647;
			files = (
			);
			inputPaths = (
				"${PODS_PODFILE_DIR_PATH}/Podfile.lock",
				"${PODS_ROOT}/Manifest.lock",
			);
			name = "[CP] Check Pods Manifest.lock";
			outputPaths = (
				"$(DERIVED_FILE_DIR)/Pods-AudioTest-checkManifestLockResult.txt",
			);
			runOnlyForDeploymentPostprocessing = 0;
			shellPath = /bin/sh;
			shellScript = "diff \"${PODS_PODFILE_DIR_PATH}/Podfile.lock\" \"${PODS_ROOT}/Manifest.lock\" > /dev/null\nif [ $? != 0 ] ; then\n    # print error to STDERR\n    echo \"error: The sandbox is not in sync with the Podfile.lock. Run 'pod install' or update your CocoaPods installation.\" >&2\n    exit 1\nfi\n# This output is used by Xcode 'outputs' to avoid re-running this script phase.\necho \"SUCCESS\" > \"${SCRIPT_OUTPUT_FILE_0}\"\n";
			showEnvVarsInLog = 0;
		};
		9EC0EA65EE1A3878C001A983 /* [CP] Embed Pods Frameworks */ = {
			isa = PBXShellScriptBuildPhase;
			buildActionMask = 2147483647;
			files = (
			);
			inputPaths = (
			);
			name = "[CP] Embed Pods Frameworks";
			outputPaths = (
			);
			runOnlyForDeploymentPostprocessing = 0;
			shellPath = /bin/sh;
			shellScript = "\"${SRCROOT}/Pods/Target Support Files/Pods-AudioTest/Pods-AudioTest-frameworks.sh\"\n";
			showEnvVarsInLog = 0;
		};
		EA7DB3211D3F4443A94AD484 /* [CP] Copy Pods Resources */ = {
			isa = PBXShellScriptBuildPhase;
			buildActionMask = 2147483647;
			files = (
			);
			inputPaths = (
			);
			name = "[CP] Copy Pods Resources";
			outputPaths = (
			);
			runOnlyForDeploymentPostprocessing = 0;
			shellPath = /bin/sh;
			shellScript = "\"${SRCROOT}/Pods/Target Support Files/Pods-AudioTest/Pods-AudioTest-resources.sh\"\n";
			showEnvVarsInLog = 0;
		};
/* End PBXShellScriptBuildPhase section */

/* Begin PBXSourcesBuildPhase section */
		CABBD8B720CDC4460084A1E0 /* Sources */ = {
			isa = PBXSourcesBuildPhase;
			buildActionMask = 2147483647;
			files = (
				CABBD8C120CDC4460084A1E0 /* ViewController.swift in Sources */,
				CABBD8BF20CDC4460084A1E0 /* AppDelegate.swift in Sources */,
			);
			runOnlyForDeploymentPostprocessing = 0;
		};
/* End PBXSourcesBuildPhase section */

/* Begin PBXVariantGroup section */
		CABBD8C220CDC4460084A1E0 /* Main.storyboard */ = {
			isa = PBXVariantGroup;
			children = (
				CABBD8C320CDC4460084A1E0 /* Base */,
			);
			name = Main.storyboard;
			sourceTree = "<group>";
		};
		CABBD8C720CDC4470084A1E0 /* LaunchScreen.storyboard */ = {
			isa = PBXVariantGroup;
			children = (
				CABBD8C820CDC4470084A1E0 /* Base */,
			);
			name = LaunchScreen.storyboard;
			sourceTree = "<group>";
		};
/* End PBXVariantGroup section */

/* Begin XCBuildConfiguration section */
		CABBD8CB20CDC4470084A1E0 /* Debug */ = {
			isa = XCBuildConfiguration;
			buildSettings = {
				ALWAYS_SEARCH_USER_PATHS = NO;
				CLANG_ANALYZER_NONNULL = YES;
				CLANG_ANALYZER_NUMBER_OBJECT_CONVERSION = YES_AGGRESSIVE;
				CLANG_CXX_LANGUAGE_STANDARD = "gnu++14";
				CLANG_CXX_LIBRARY = "libc++";
				CLANG_ENABLE_MODULES = YES;
				CLANG_ENABLE_OBJC_ARC = YES;
				CLANG_ENABLE_OBJC_WEAK = YES;
				CLANG_WARN_BLOCK_CAPTURE_AUTORELEASING = YES;
				CLANG_WARN_BOOL_CONVERSION = YES;
				CLANG_WARN_COMMA = YES;
				CLANG_WARN_CONSTANT_CONVERSION = YES;
				CLANG_WARN_DEPRECATED_OBJC_IMPLEMENTATIONS = YES;
				CLANG_WARN_DIRECT_OBJC_ISA_USAGE = YES_ERROR;
				CLANG_WARN_DOCUMENTATION_COMMENTS = YES;
				CLANG_WARN_EMPTY_BODY = YES;
				CLANG_WARN_ENUM_CONVERSION = YES;
				CLANG_WARN_INFINITE_RECURSION = YES;
				CLANG_WARN_INT_CONVERSION = YES;
				CLANG_WARN_NON_LITERAL_NULL_CONVERSION = YES;
				CLANG_WARN_OBJC_IMPLICIT_RETAIN_SELF = YES;
				CLANG_WARN_OBJC_LITERAL_CONVERSION = YES;
				CLANG_WARN_OBJC_ROOT_CLASS = YES_ERROR;
				CLANG_WARN_RANGE_LOOP_ANALYSIS = YES;
				CLANG_WARN_STRICT_PROTOTYPES = YES;
				CLANG_WARN_SUSPICIOUS_MOVE = YES;
				CLANG_WARN_UNGUARDED_AVAILABILITY = YES_AGGRESSIVE;
				CLANG_WARN_UNREACHABLE_CODE = YES;
				CLANG_WARN__DUPLICATE_METHOD_MATCH = YES;
				CODE_SIGN_IDENTITY = "iPhone Developer";
				COPY_PHASE_STRIP = NO;
				DEBUG_INFORMATION_FORMAT = dwarf;
				ENABLE_STRICT_OBJC_MSGSEND = YES;
				ENABLE_TESTABILITY = YES;
				GCC_C_LANGUAGE_STANDARD = gnu11;
				GCC_DYNAMIC_NO_PIC = NO;
				GCC_NO_COMMON_BLOCKS = YES;
				GCC_OPTIMIZATION_LEVEL = 0;
				GCC_PREPROCESSOR_DEFINITIONS = (
					"DEBUG=1",
					"$(inherited)",
				);
				GCC_WARN_64_TO_32_BIT_CONVERSION = YES;
				GCC_WARN_ABOUT_RETURN_TYPE = YES_ERROR;
				GCC_WARN_UNDECLARED_SELECTOR = YES;
				GCC_WARN_UNINITIALIZED_AUTOS = YES_AGGRESSIVE;
				GCC_WARN_UNUSED_FUNCTION = YES;
				GCC_WARN_UNUSED_VARIABLE = YES;
				IPHONEOS_DEPLOYMENT_TARGET = 11.4;
				MTL_ENABLE_DEBUG_INFO = YES;
				ONLY_ACTIVE_ARCH = YES;
				SDKROOT = iphoneos;
				SWIFT_ACTIVE_COMPILATION_CONDITIONS = DEBUG;
				SWIFT_OPTIMIZATION_LEVEL = "-Onone";
			};
			name = Debug;
		};
		CABBD8CC20CDC4470084A1E0 /* Release */ = {
			isa = XCBuildConfiguration;
			buildSettings = {
				ALWAYS_SEARCH_USER_PATHS = NO;
				CLANG_ANALYZER_NONNULL = YES;
				CLANG_ANALYZER_NUMBER_OBJECT_CONVERSION = YES_AGGRESSIVE;
				CLANG_CXX_LANGUAGE_STANDARD = "gnu++14";
				CLANG_CXX_LIBRARY = "libc++";
				CLANG_ENABLE_MODULES = YES;
				CLANG_ENABLE_OBJC_ARC = YES;
				CLANG_ENABLE_OBJC_WEAK = YES;
				CLANG_WARN_BLOCK_CAPTURE_AUTORELEASING = YES;
				CLANG_WARN_BOOL_CONVERSION = YES;
				CLANG_WARN_COMMA = YES;
				CLANG_WARN_CONSTANT_CONVERSION = YES;
				CLANG_WARN_DEPRECATED_OBJC_IMPLEMENTATIONS = YES;
				CLANG_WARN_DIRECT_OBJC_ISA_USAGE = YES_ERROR;
				CLANG_WARN_DOCUMENTATION_COMMENTS = YES;
				CLANG_WARN_EMPTY_BODY = YES;
				CLANG_WARN_ENUM_CONVERSION = YES;
				CLANG_WARN_INFINITE_RECURSION = YES;
				CLANG_WARN_INT_CONVERSION = YES;
				CLANG_WARN_NON_LITERAL_NULL_CONVERSION = YES;
				CLANG_WARN_OBJC_IMPLICIT_RETAIN_SELF = YES;
				CLANG_WARN_OBJC_LITERAL_CONVERSION = YES;
				CLANG_WARN_OBJC_ROOT_CLASS = YES_ERROR;
				CLANG_WARN_RANGE_LOOP_ANALYSIS = YES;
				CLANG_WARN_STRICT_PROTOTYPES = YES;
				CLANG_WARN_SUSPICIOUS_MOVE = YES;
				CLANG_WARN_UNGUARDED_AVAILABILITY = YES_AGGRESSIVE;
				CLANG_WARN_UNREACHABLE_CODE = YES;
				CLANG_WARN__DUPLICATE_METHOD_MATCH = YES;
				CODE_SIGN_IDENTITY = "iPhone Developer";
				COPY_PHASE_STRIP = NO;
				DEBUG_INFORMATION_FORMAT = "dwarf-with-dsym";
				ENABLE_NS_ASSERTIONS = NO;
				ENABLE_STRICT_OBJC_MSGSEND = YES;
				GCC_C_LANGUAGE_STANDARD = gnu11;
				GCC_NO_COMMON_BLOCKS = YES;
				GCC_WARN_64_TO_32_BIT_CONVERSION = YES;
				GCC_WARN_ABOUT_RETURN_TYPE = YES_ERROR;
				GCC_WARN_UNDECLARED_SELECTOR = YES;
				GCC_WARN_UNINITIALIZED_AUTOS = YES_AGGRESSIVE;
				GCC_WARN_UNUSED_FUNCTION = YES;
				GCC_WARN_UNUSED_VARIABLE = YES;
				IPHONEOS_DEPLOYMENT_TARGET = 11.4;
				MTL_ENABLE_DEBUG_INFO = NO;
				SDKROOT = iphoneos;
				SWIFT_COMPILATION_MODE = wholemodule;
				SWIFT_OPTIMIZATION_LEVEL = "-O";
				VALIDATE_PRODUCT = YES;
			};
			name = Release;
		};
		CABBD8CE20CDC4470084A1E0 /* Debug */ = {
			isa = XCBuildConfiguration;
			baseConfigurationReference = CB38D5A7731FFF353078252A /* Pods-AudioTest.debug.xcconfig */;
			buildSettings = {
				ASSETCATALOG_COMPILER_APPICON_NAME = AppIcon;
				CODE_SIGN_STYLE = Automatic;
				DEVELOPMENT_TEAM = PNM44AC4R7;
				INFOPLIST_FILE = AudioTest/Info.plist;
				LD_RUNPATH_SEARCH_PATHS = "$(inherited) @executable_path/Frameworks";
				PRODUCT_BUNDLE_IDENTIFIER = com.2020cv.AudioTest;
				PRODUCT_NAME = "$(TARGET_NAME)";
				SWIFT_VERSION = 4.0;
				TARGETED_DEVICE_FAMILY = "1,2";
			};
			name = Debug;
		};
		CABBD8CF20CDC4470084A1E0 /* Release */ = {
			isa = XCBuildConfiguration;
			baseConfigurationReference = 9770C05D8E97ECFEA2CDD557 /* Pods-AudioTest.release.xcconfig */;
			buildSettings = {
				ASSETCATALOG_COMPILER_APPICON_NAME = AppIcon;
				CODE_SIGN_STYLE = Automatic;
				DEVELOPMENT_TEAM = PNM44AC4R7;
				INFOPLIST_FILE = AudioTest/Info.plist;
				LD_RUNPATH_SEARCH_PATHS = "$(inherited) @executable_path/Frameworks";
				PRODUCT_BUNDLE_IDENTIFIER = com.2020cv.AudioTest;
				PRODUCT_NAME = "$(TARGET_NAME)";
				SWIFT_VERSION = 4.0;
				TARGETED_DEVICE_FAMILY = "1,2";
			};
			name = Release;
		};
/* End XCBuildConfiguration section */

/* Begin XCConfigurationList section */
		CABBD8B620CDC4460084A1E0 /* Build configuration list for PBXProject "AudioTest" */ = {
			isa = XCConfigurationList;
			buildConfigurations = (
				CABBD8CB20CDC4470084A1E0 /* Debug */,
				CABBD8CC20CDC4470084A1E0 /* Release */,
			);
			defaultConfigurationIsVisible = 0;
			defaultConfigurationName = Release;
		};
		CABBD8CD20CDC4470084A1E0 /* Build configuration list for PBXNativeTarget "AudioTest" */ = {
			isa = XCConfigurationList;
			buildConfigurations = (
				CABBD8CE20CDC4470084A1E0 /* Debug */,
				CABBD8CF20CDC4470084A1E0 /* Release */,
			);
			defaultConfigurationIsVisible = 0;
			defaultConfigurationName = Release;
		};
/* End XCConfigurationList section */
	};
	rootObject = CABBD8B320CDC4460084A1E0 /* Project object */;
}
